// !$*UTF8*$!
{
	archiveVersion = 1;
	classes = {
	};
	objectVersion = 50;
	objects = {

/* Begin PBXBuildFile section */
		D7CB78AD247E921100EEFE6C /* AppDelegate.m in Sources */ = {isa = PBXBuildFile; fileRef = D7CB78AC247E921100EEFE6C /* AppDelegate.m */; };
		D7CB78B0247E921100EEFE6C /* SceneDelegate.m in Sources */ = {isa = PBXBuildFile; fileRef = D7CB78AF247E921100EEFE6C /* SceneDelegate.m */; };
		D7CB78B3247E921100EEFE6C /* ViewController.m in Sources */ = {isa = PBXBuildFile; fileRef = D7CB78B2247E921100EEFE6C /* ViewController.m */; };
		D7CB78B6247E921100EEFE6C /* Main.storyboard in Resources */ = {isa = PBXBuildFile; fileRef = D7CB78B4247E921100EEFE6C /* Main.storyboard */; };
		D7CB78B8247E921600EEFE6C /* Assets.xcassets in Resources */ = {isa = PBXBuildFile; fileRef = D7CB78B7247E921600EEFE6C /* Assets.xcassets */; };
		D7CB78BB247E921600EEFE6C /* LaunchScreen.storyboard in Resources */ = {isa = PBXBuildFile; fileRef = D7CB78B9247E921600EEFE6C /* LaunchScreen.storyboard */; };
		D7CB78BE247E921600EEFE6C /* main.m in Sources */ = {isa = PBXBuildFile; fileRef = D7CB78BD247E921600EEFE6C /* main.m */; };
		D7CB78C8247E921600EEFE6C /* GSTDemoTests.m in Sources */ = {isa = PBXBuildFile; fileRef = D7CB78C7247E921600EEFE6C /* GSTDemoTests.m */; };
		D7CB78D3247E921600EEFE6C /* GSTDemoUITests.m in Sources */ = {isa = PBXBuildFile; fileRef = D7CB78D2247E921600EEFE6C /* GSTDemoUITests.m */; };
/* End PBXBuildFile section */

/* Begin PBXContainerItemProxy section */
		D7CB78C4247E921600EEFE6C /* PBXContainerItemProxy */ = {
			isa = PBXContainerItemProxy;
			containerPortal = D7CB78A0247E921100EEFE6C /* Project object */;
			proxyType = 1;
			remoteGlobalIDString = D7CB78A7247E921100EEFE6C;
			remoteInfo = GSTDemo;
		};
		D7CB78CF247E921600EEFE6C /* PBXContainerItemProxy */ = {
			isa = PBXContainerItemProxy;
			containerPortal = D7CB78A0247E921100EEFE6C /* Project object */;
			proxyType = 1;
			remoteGlobalIDString = D7CB78A7247E921100EEFE6C;
			remoteInfo = GSTDemo;
		};
/* End PBXContainerItemProxy section */

/* Begin PBXFileReference section */
		D7CB78A8247E921100EEFE6C /* GSTDemo.app */ = {isa = PBXFileReference; explicitFileType = wrapper.application; includeInIndex = 0; path = GSTDemo.app; sourceTree = BUILT_PRODUCTS_DIR; };
		D7CB78AB247E921100EEFE6C /* AppDelegate.h */ = {isa = PBXFileReference; lastKnownFileType = sourcecode.c.h; path = AppDelegate.h; sourceTree = "<group>"; };
		D7CB78AC247E921100EEFE6C /* AppDelegate.m */ = {isa = PBXFileReference; lastKnownFileType = sourcecode.c.objc; path = AppDelegate.m; sourceTree = "<group>"; };
		D7CB78AE247E921100EEFE6C /* SceneDelegate.h */ = {isa = PBXFileReference; lastKnownFileType = sourcecode.c.h; path = SceneDelegate.h; sourceTree = "<group>"; };
		D7CB78AF247E921100EEFE6C /* SceneDelegate.m */ = {isa = PBXFileReference; lastKnownFileType = sourcecode.c.objc; path = SceneDelegate.m; sourceTree = "<group>"; };
		D7CB78B1247E921100EEFE6C /* ViewController.h */ = {isa = PBXFileReference; lastKnownFileType = sourcecode.c.h; path = ViewController.h; sourceTree = "<group>"; };
		D7CB78B2247E921100EEFE6C /* ViewController.m */ = {isa = PBXFileReference; lastKnownFileType = sourcecode.c.objc; path = ViewController.m; sourceTree = "<group>"; };
		D7CB78B5247E921100EEFE6C /* Base */ = {isa = PBXFileReference; lastKnownFileType = file.storyboard; name = Base; path = Base.lproj/Main.storyboard; sourceTree = "<group>"; };
		D7CB78B7247E921600EEFE6C /* Assets.xcassets */ = {isa = PBXFileReference; lastKnownFileType = folder.assetcatalog; path = Assets.xcassets; sourceTree = "<group>"; };
		D7CB78BA247E921600EEFE6C /* Base */ = {isa = PBXFileReference; lastKnownFileType = file.storyboard; name = Base; path = Base.lproj/LaunchScreen.storyboard; sourceTree = "<group>"; };
		D7CB78BC247E921600EEFE6C /* Info.plist */ = {isa = PBXFileReference; lastKnownFileType = text.plist.xml; path = Info.plist; sourceTree = "<group>"; };
		D7CB78BD247E921600EEFE6C /* main.m */ = {isa = PBXFileReference; lastKnownFileType = sourcecode.c.objc; path = main.m; sourceTree = "<group>"; };
		D7CB78C3247E921600EEFE6C /* GSTDemoTests.xctest */ = {isa = PBXFileReference; explicitFileType = wrapper.cfbundle; includeInIndex = 0; path = GSTDemoTests.xctest; sourceTree = BUILT_PRODUCTS_DIR; };
		D7CB78C7247E921600EEFE6C /* GSTDemoTests.m */ = {isa = PBXFileReference; lastKnownFileType = sourcecode.c.objc; path = GSTDemoTests.m; sourceTree = "<group>"; };
		D7CB78C9247E921600EEFE6C /* Info.plist */ = {isa = PBXFileReference; lastKnownFileType = text.plist.xml; path = Info.plist; sourceTree = "<group>"; };
		D7CB78CE247E921600EEFE6C /* GSTDemoUITests.xctest */ = {isa = PBXFileReference; explicitFileType = wrapper.cfbundle; includeInIndex = 0; path = GSTDemoUITests.xctest; sourceTree = BUILT_PRODUCTS_DIR; };
		D7CB78D2247E921600EEFE6C /* GSTDemoUITests.m */ = {isa = PBXFileReference; lastKnownFileType = sourcecode.c.objc; path = GSTDemoUITests.m; sourceTree = "<group>"; };
		D7CB78D4247E921600EEFE6C /* Info.plist */ = {isa = PBXFileReference; lastKnownFileType = text.plist.xml; path = Info.plist; sourceTree = "<group>"; };
/* End PBXFileReference section */

/* Begin PBXFrameworksBuildPhase section */
		D7CB78A5247E921100EEFE6C /* Frameworks */ = {
			isa = PBXFrameworksBuildPhase;
			buildActionMask = 2147483647;
			files = (
			);
			runOnlyForDeploymentPostprocessing = 0;
		};
		D7CB78C0247E921600EEFE6C /* Frameworks */ = {
			isa = PBXFrameworksBuildPhase;
			buildActionMask = 2147483647;
			files = (
			);
			runOnlyForDeploymentPostprocessing = 0;
		};
		D7CB78CB247E921600EEFE6C /* Frameworks */ = {
			isa = PBXFrameworksBuildPhase;
			buildActionMask = 2147483647;
			files = (
			);
			runOnlyForDeploymentPostprocessing = 0;
		};
/* End PBXFrameworksBuildPhase section */

/* Begin PBXGroup section */
		D7CB789F247E921100EEFE6C = {
			isa = PBXGroup;
			children = (
				D7CB78AA247E921100EEFE6C /* GSTDemo */,
				D7CB78C6247E921600EEFE6C /* GSTDemoTests */,
				D7CB78D1247E921600EEFE6C /* GSTDemoUITests */,
				D7CB78A9247E921100EEFE6C /* Products */,
			);
			sourceTree = "<group>";
		};
		D7CB78A9247E921100EEFE6C /* Products */ = {
			isa = PBXGroup;
			children = (
				D7CB78A8247E921100EEFE6C /* GSTDemo.app */,
				D7CB78C3247E921600EEFE6C /* GSTDemoTests.xctest */,
				D7CB78CE247E921600EEFE6C /* GSTDemoUITests.xctest */,
			);
			name = Products;
			sourceTree = "<group>";
		};
		D7CB78AA247E921100EEFE6C /* GSTDemo */ = {
			isa = PBXGroup;
			children = (
				D7CB78AB247E921100EEFE6C /* AppDelegate.h */,
				D7CB78AC247E921100EEFE6C /* AppDelegate.m */,
				D7CB78AE247E921100EEFE6C /* SceneDelegate.h */,
				D7CB78AF247E921100EEFE6C /* SceneDelegate.m */,
				D7CB78B1247E921100EEFE6C /* ViewController.h */,
				D7CB78B2247E921100EEFE6C /* ViewController.m */,
				D7CB78B4247E921100EEFE6C /* Main.storyboard */,
				D7CB78B7247E921600EEFE6C /* Assets.xcassets */,
				D7CB78B9247E921600EEFE6C /* LaunchScreen.storyboard */,
				D7CB78BC247E921600EEFE6C /* Info.plist */,
				D7CB78BD247E921600EEFE6C /* main.m */,
			);
			path = GSTDemo;
			sourceTree = "<group>";
		};
		D7CB78C6247E921600EEFE6C /* GSTDemoTests */ = {
			isa = PBXGroup;
			children = (
				D7CB78C7247E921600EEFE6C /* GSTDemoTests.m */,
				D7CB78C9247E921600EEFE6C /* Info.plist */,
			);
			path = GSTDemoTests;
			sourceTree = "<group>";
		};
		D7CB78D1247E921600EEFE6C /* GSTDemoUITests */ = {
			isa = PBXGroup;
			children = (
				D7CB78D2247E921600EEFE6C /* GSTDemoUITests.m */,
				D7CB78D4247E921600EEFE6C /* Info.plist */,
			);
			path = GSTDemoUITests;
			sourceTree = "<group>";
		};
/* End PBXGroup section */

/* Begin PBXNativeTarget section */
		D7CB78A7247E921100EEFE6C /* GSTDemo */ = {
			isa = PBXNativeTarget;
			buildConfigurationList = D7CB78D7247E921600EEFE6C /* Build configuration list for PBXNativeTarget "GSTDemo" */;
			buildPhases = (
				D7CB78A4247E921100EEFE6C /* Sources */,
				D7CB78A5247E921100EEFE6C /* Frameworks */,
				D7CB78A6247E921100EEFE6C /* Resources */,
			);
			buildRules = (
			);
			dependencies = (
			);
			name = GSTDemo;
			productName = GSTDemo;
			productReference = D7CB78A8247E921100EEFE6C /* GSTDemo.app */;
			productType = "com.apple.product-type.application";
		};
		D7CB78C2247E921600EEFE6C /* GSTDemoTests */ = {
			isa = PBXNativeTarget;
			buildConfigurationList = D7CB78DA247E921600EEFE6C /* Build configuration list for PBXNativeTarget "GSTDemoTests" */;
			buildPhases = (
				D7CB78BF247E921600EEFE6C /* Sources */,
				D7CB78C0247E921600EEFE6C /* Frameworks */,
				D7CB78C1247E921600EEFE6C /* Resources */,
			);
			buildRules = (
			);
			dependencies = (
				D7CB78C5247E921600EEFE6C /* PBXTargetDependency */,
			);
			name = GSTDemoTests;
			productName = GSTDemoTests;
			productReference = D7CB78C3247E921600EEFE6C /* GSTDemoTests.xctest */;
			productType = "com.apple.product-type.bundle.unit-test";
		};
		D7CB78CD247E921600EEFE6C /* GSTDemoUITests */ = {
			isa = PBXNativeTarget;
			buildConfigurationList = D7CB78DD247E921600EEFE6C /* Build configuration list for PBXNativeTarget "GSTDemoUITests" */;
			buildPhases = (
				D7CB78CA247E921600EEFE6C /* Sources */,
				D7CB78CB247E921600EEFE6C /* Frameworks */,
				D7CB78CC247E921600EEFE6C /* Resources */,
			);
			buildRules = (
			);
			dependencies = (
				D7CB78D0247E921600EEFE6C /* PBXTargetDependency */,
			);
			name = GSTDemoUITests;
			productName = GSTDemoUITests;
			productReference = D7CB78CE247E921600EEFE6C /* GSTDemoUITests.xctest */;
			productType = "com.apple.product-type.bundle.ui-testing";
		};
/* End PBXNativeTarget section */

/* Begin PBXProject section */
		D7CB78A0247E921100EEFE6C /* Project object */ = {
			isa = PBXProject;
			attributes = {
				LastUpgradeCheck = 1130;
				ORGANIZATIONNAME = guoyandong;
				TargetAttributes = {
					D7CB78A7247E921100EEFE6C = {
						CreatedOnToolsVersion = 11.3;
					};
					D7CB78C2247E921600EEFE6C = {
						CreatedOnToolsVersion = 11.3;
						TestTargetID = D7CB78A7247E921100EEFE6C;
					};
					D7CB78CD247E921600EEFE6C = {
						CreatedOnToolsVersion = 11.3;
						TestTargetID = D7CB78A7247E921100EEFE6C;
					};
				};
			};
			buildConfigurationList = D7CB78A3247E921100EEFE6C /* Build configuration list for PBXProject "GSTDemo" */;
			compatibilityVersion = "Xcode 9.3";
			developmentRegion = en;
			hasScannedForEncodings = 0;
			knownRegions = (
				en,
				Base,
			);
			mainGroup = D7CB789F247E921100EEFE6C;
			productRefGroup = D7CB78A9247E921100EEFE6C /* Products */;
			projectDirPath = "";
			projectRoot = "";
			targets = (
				D7CB78A7247E921100EEFE6C /* GSTDemo */,
				D7CB78C2247E921600EEFE6C /* GSTDemoTests */,
				D7CB78CD247E921600EEFE6C /* GSTDemoUITests */,
			);
		};
/* End PBXProject section */

/* Begin PBXResourcesBuildPhase section */
		D7CB78A6247E921100EEFE6C /* Resources */ = {
			isa = PBXResourcesBuildPhase;
			buildActionMask = 2147483647;
			files = (
				D7CB78BB247E921600EEFE6C /* LaunchScreen.storyboard in Resources */,
				D7CB78B8247E921600EEFE6C /* Assets.xcassets in Resources */,
				D7CB78B6247E921100EEFE6C /* Main.storyboard in Resources */,
			);
			runOnlyForDeploymentPostprocessing = 0;
		};
		D7CB78C1247E921600EEFE6C /* Resources */ = {
			isa = PBXResourcesBuildPhase;
			buildActionMask = 2147483647;
			files = (
			);
			runOnlyForDeploymentPostprocessing = 0;
		};
		D7CB78CC247E921600EEFE6C /* Resources */ = {
			isa = PBXResourcesBuildPhase;
			buildActionMask = 2147483647;
			files = (
			);
			runOnlyForDeploymentPostprocessing = 0;
		};
/* End PBXResourcesBuildPhase section */

/* Begin PBXSourcesBuildPhase section */
		D7CB78A4247E921100EEFE6C /* Sources */ = {
			isa = PBXSourcesBuildPhase;
			buildActionMask = 2147483647;
			files = (
				D7CB78B3247E921100EEFE6C /* ViewController.m in Sources */,
				D7CB78AD247E921100EEFE6C /* AppDelegate.m in Sources */,
				D7CB78BE247E921600EEFE6C /* main.m in Sources */,
				D7CB78B0247E921100EEFE6C /* SceneDelegate.m in Sources */,
			);
			runOnlyForDeploymentPostprocessing = 0;
		};
		D7CB78BF247E921600EEFE6C /* Sources */ = {
			isa = PBXSourcesBuildPhase;
			buildActionMask = 2147483647;
			files = (
				D7CB78C8247E921600EEFE6C /* GSTDemoTests.m in Sources */,
			);
			runOnlyForDeploymentPostprocessing = 0;
		};
		D7CB78CA247E921600EEFE6C /* Sources */ = {
			isa = PBXSourcesBuildPhase;
			buildActionMask = 2147483647;
			files = (
				D7CB78D3247E921600EEFE6C /* GSTDemoUITests.m in Sources */,
			);
			runOnlyForDeploymentPostprocessing = 0;
		};
/* End PBXSourcesBuildPhase section */

/* Begin PBXTargetDependency section */
		D7CB78C5247E921600EEFE6C /* PBXTargetDependency */ = {
			isa = PBXTargetDependency;
			target = D7CB78A7247E921100EEFE6C /* GSTDemo */;
			targetProxy = D7CB78C4247E921600EEFE6C /* PBXContainerItemProxy */;
		};
		D7CB78D0247E921600EEFE6C /* PBXTargetDependency */ = {
			isa = PBXTargetDependency;
			target = D7CB78A7247E921100EEFE6C /* GSTDemo */;
			targetProxy = D7CB78CF247E921600EEFE6C /* PBXContainerItemProxy */;
		};
/* End PBXTargetDependency section */

/* Begin PBXVariantGroup section */
		D7CB78B4247E921100EEFE6C /* Main.storyboard */ = {
			isa = PBXVariantGroup;
			children = (
				D7CB78B5247E921100EEFE6C /* Base */,
			);
			name = Main.storyboard;
			sourceTree = "<group>";
		};
		D7CB78B9247E921600EEFE6C /* LaunchScreen.storyboard */ = {
			isa = PBXVariantGroup;
			children = (
				D7CB78BA247E921600EEFE6C /* Base */,
			);
			name = LaunchScreen.storyboard;
			sourceTree = "<group>";
		};
/* End PBXVariantGroup section */

/* Begin XCBuildConfiguration section */
		D7CB78D5247E921600EEFE6C /* Debug */ = {
			isa = XCBuildConfiguration;
			buildSettings = {
				ALWAYS_SEARCH_USER_PATHS = NO;
				CLANG_ANALYZER_NONNULL = YES;
				CLANG_ANALYZER_NUMBER_OBJECT_CONVERSION = YES_AGGRESSIVE;
				CLANG_CXX_LANGUAGE_STANDARD = "gnu++14";
				CLANG_CXX_LIBRARY = "libc++";
				CLANG_ENABLE_MODULES = YES;
				CLANG_ENABLE_OBJC_ARC = YES;
				CLANG_ENABLE_OBJC_WEAK = YES;
				CLANG_WARN_BLOCK_CAPTURE_AUTORELEASING = YES;
				CLANG_WARN_BOOL_CONVERSION = YES;
				CLANG_WARN_COMMA = YES;
				CLANG_WARN_CONSTANT_CONVERSION = YES;
				CLANG_WARN_DEPRECATED_OBJC_IMPLEMENTATIONS = YES;
				CLANG_WARN_DIRECT_OBJC_ISA_USAGE = YES_ERROR;
				CLANG_WARN_DOCUMENTATION_COMMENTS = YES;
				CLANG_WARN_EMPTY_BODY = YES;
				CLANG_WARN_ENUM_CONVERSION = YES;
				CLANG_WARN_INFINITE_RECURSION = YES;
				CLANG_WARN_INT_CONVERSION = YES;
				CLANG_WARN_NON_LITERAL_NULL_CONVERSION = YES;
				CLANG_WARN_OBJC_IMPLICIT_RETAIN_SELF = YES;
				CLANG_WARN_OBJC_LITERAL_CONVERSION = YES;
				CLANG_WARN_OBJC_ROOT_CLASS = YES_ERROR;
				CLANG_WARN_RANGE_LOOP_ANALYSIS = YES;
				CLANG_WARN_STRICT_PROTOTYPES = YES;
				CLANG_WARN_SUSPICIOUS_MOVE = YES;
				CLANG_WARN_UNGUARDED_AVAILABILITY = YES_AGGRESSIVE;
				CLANG_WARN_UNREACHABLE_CODE = YES;
				CLANG_WARN__DUPLICATE_METHOD_MATCH = YES;
				COPY_PHASE_STRIP = NO;
				DEBUG_INFORMATION_FORMAT = dwarf;
				ENABLE_STRICT_OBJC_MSGSEND = YES;
				ENABLE_TESTABILITY = YES;
				GCC_C_LANGUAGE_STANDARD = gnu11;
				GCC_DYNAMIC_NO_PIC = NO;
				GCC_NO_COMMON_BLOCKS = YES;
				GCC_OPTIMIZATION_LEVEL = 0;
				GCC_PREPROCESSOR_DEFINITIONS = (
					"DEBUG=1",
					"$(inherited)",
				);
				GCC_WARN_64_TO_32_BIT_CONVERSION = YES;
				GCC_WARN_ABOUT_RETURN_TYPE = YES_ERROR;
				GCC_WARN_UNDECLARED_SELECTOR = YES;
				GCC_WARN_UNINITIALIZED_AUTOS = YES_AGGRESSIVE;
				GCC_WARN_UNUSED_FUNCTION = YES;
				GCC_WARN_UNUSED_VARIABLE = YES;
				IPHONEOS_DEPLOYMENT_TARGET = 13.2;
				MTL_ENABLE_DEBUG_INFO = INCLUDE_SOURCE;
				MTL_FAST_MATH = YES;
				ONLY_ACTIVE_ARCH = YES;
				SDKROOT = iphoneos;
			};
			name = Debug;
		};
		D7CB78D6247E921600EEFE6C /* Release */ = {
			isa = XCBuildConfiguration;
			buildSettings = {
				ALWAYS_SEARCH_USER_PATHS = NO;
				CLANG_ANALYZER_NONNULL = YES;
				CLANG_ANALYZER_NUMBER_OBJECT_CONVERSION = YES_AGGRESSIVE;
				CLANG_CXX_LANGUAGE_STANDARD = "gnu++14";
				CLANG_CXX_LIBRARY = "libc++";
				CLANG_ENABLE_MODULES = YES;
				CLANG_ENABLE_OBJC_ARC = YES;
				CLANG_ENABLE_OBJC_WEAK = YES;
				CLANG_WARN_BLOCK_CAPTURE_AUTORELEASING = YES;
				CLANG_WARN_BOOL_CONVERSION = YES;
				CLANG_WARN_COMMA = YES;
				CLANG_WARN_CONSTANT_CONVERSION = YES;
				CLANG_WARN_DEPRECATED_OBJC_IMPLEMENTATIONS = YES;
				CLANG_WARN_DIRECT_OBJC_ISA_USAGE = YES_ERROR;
				CLANG_WARN_DOCUMENTATION_COMMENTS = YES;
				CLANG_WARN_EMPTY_BODY = YES;
				CLANG_WARN_ENUM_CONVERSION = YES;
				CLANG_WARN_INFINITE_RECURSION = YES;
				CLANG_WARN_INT_CONVERSION = YES;
				CLANG_WARN_NON_LITERAL_NULL_CONVERSION = YES;
				CLANG_WARN_OBJC_IMPLICIT_RETAIN_SELF = YES;
				CLANG_WARN_OBJC_LITERAL_CONVERSION = YES;
				CLANG_WARN_OBJC_ROOT_CLASS = YES_ERROR;
				CLANG_WARN_RANGE_LOOP_ANALYSIS = YES;
				CLANG_WARN_STRICT_PROTOTYPES = YES;
				CLANG_WARN_SUSPICIOUS_MOVE = YES;
				CLANG_WARN_UNGUARDED_AVAILABILITY = YES_AGGRESSIVE;
				CLANG_WARN_UNREACHABLE_CODE = YES;
				CLANG_WARN__DUPLICATE_METHOD_MATCH = YES;
				COPY_PHASE_STRIP = NO;
				DEBUG_INFORMATION_FORMAT = "dwarf-with-dsym";
				ENABLE_NS_ASSERTIONS = NO;
				ENABLE_STRICT_OBJC_MSGSEND = YES;
				GCC_C_LANGUAGE_STANDARD = gnu11;
				GCC_NO_COMMON_BLOCKS = YES;
				GCC_WARN_64_TO_32_BIT_CONVERSION = YES;
				GCC_WARN_ABOUT_RETURN_TYPE = YES_ERROR;
				GCC_WARN_UNDECLARED_SELECTOR = YES;
				GCC_WARN_UNINITIALIZED_AUTOS = YES_AGGRESSIVE;
				GCC_WARN_UNUSED_FUNCTION = YES;
				GCC_WARN_UNUSED_VARIABLE = YES;
				IPHONEOS_DEPLOYMENT_TARGET = 13.2;
				MTL_ENABLE_DEBUG_INFO = NO;
				MTL_FAST_MATH = YES;
				SDKROOT = iphoneos;
				VALIDATE_PRODUCT = YES;
			};
			name = Release;
		};
		D7CB78D8247E921600EEFE6C /* Debug */ = {
			isa = XCBuildConfiguration;
			buildSettings = {
				ASSETCATALOG_COMPILER_APPICON_NAME = AppIcon;
				CODE_SIGN_STYLE = Automatic;
				DEVELOPMENT_TEAM = 5PGXVF97FS;
				INFOPLIST_FILE = GSTDemo/Info.plist;
				LD_RUNPATH_SEARCH_PATHS = (
					"$(inherited)",
					"@executable_path/Frameworks",
				);
				PRODUCT_BUNDLE_IDENTIFIER = com.guoyandong.GSTDemo;
				PRODUCT_NAME = "$(TARGET_NAME)";
				TARGETED_DEVICE_FAMILY = "1,2";
			};
			name = Debug;
		};
		D7CB78D9247E921600EEFE6C /* Release */ = {
			isa = XCBuildConfiguration;
			buildSettings = {
				ASSETCATALOG_COMPILER_APPICON_NAME = AppIcon;
				CODE_SIGN_STYLE = Automatic;
				DEVELOPMENT_TEAM = 5PGXVF97FS;
				INFOPLIST_FILE = GSTDemo/Info.plist;
				LD_RUNPATH_SEARCH_PATHS = (
					"$(inherited)",
					"@executable_path/Frameworks",
				);
				PRODUCT_BUNDLE_IDENTIFIER = com.guoyandong.GSTDemo;
				PRODUCT_NAME = "$(TARGET_NAME)";
				TARGETED_DEVICE_FAMILY = "1,2";
			};
			name = Release;
		};
		D7CB78DB247E921600EEFE6C /* Debug */ = {
			isa = XCBuildConfiguration;
			buildSettings = {
				BUNDLE_LOADER = "$(TEST_HOST)";
				CODE_SIGN_STYLE = Automatic;
				DEVELOPMENT_TEAM = 5PGXVF97FS;
				INFOPLIST_FILE = GSTDemoTests/Info.plist;
				IPHONEOS_DEPLOYMENT_TARGET = 13.2;
				LD_RUNPATH_SEARCH_PATHS = (
					"$(inherited)",
					"@executable_path/Frameworks",
					"@loader_path/Frameworks",
				);
				PRODUCT_BUNDLE_IDENTIFIER = com.guoyandong.GSTDemoTests;
				PRODUCT_NAME = "$(TARGET_NAME)";
				TARGETED_DEVICE_FAMILY = "1,2";
				TEST_HOST = "$(BUILT_PRODUCTS_DIR)/GSTDemo.app/GSTDemo";
			};
			name = Debug;
		};
		D7CB78DC247E921600EEFE6C /* Release */ = {
			isa = XCBuildConfiguration;
			buildSettings = {
				BUNDLE_LOADER = "$(TEST_HOST)";
				CODE_SIGN_STYLE = Automatic;
				DEVELOPMENT_TEAM = 5PGXVF97FS;
				INFOPLIST_FILE = GSTDemoTests/Info.plist;
				IPHONEOS_DEPLOYMENT_TARGET = 13.2;
				LD_RUNPATH_SEARCH_PATHS = (
					"$(inherited)",
					"@executable_path/Frameworks",
					"@loader_path/Frameworks",
				);
				PRODUCT_BUNDLE_IDENTIFIER = com.guoyandong.GSTDemoTests;
				PRODUCT_NAME = "$(TARGET_NAME)";
				TARGETED_DEVICE_FAMILY = "1,2";
				TEST_HOST = "$(BUILT_PRODUCTS_DIR)/GSTDemo.app/GSTDemo";
			};
			name = Release;
		};
		D7CB78DE247E921600EEFE6C /* Debug */ = {
			isa = XCBuildConfiguration;
			buildSettings = {
				CODE_SIGN_STYLE = Automatic;
				DEVELOPMENT_TEAM = 5PGXVF97FS;
				INFOPLIST_FILE = GSTDemoUITests/Info.plist;
				LD_RUNPATH_SEARCH_PATHS = (
					"$(inherited)",
					"@executable_path/Frameworks",
					"@loader_path/Frameworks",
				);
				PRODUCT_BUNDLE_IDENTIFIER = com.guoyandong.GSTDemoUITests;
				PRODUCT_NAME = "$(TARGET_NAME)";
				TARGETED_DEVICE_FAMILY = "1,2";
				TEST_TARGET_NAME = GSTDemo;
			};
			name = Debug;
		};
		D7CB78DF247E921600EEFE6C /* Release */ = {
			isa = XCBuildConfiguration;
			buildSettings = {
				CODE_SIGN_STYLE = Automatic;
				DEVELOPMENT_TEAM = 5PGXVF97FS;
				INFOPLIST_FILE = GSTDemoUITests/Info.plist;
				LD_RUNPATH_SEARCH_PATHS = (
					"$(inherited)",
					"@executable_path/Frameworks",
					"@loader_path/Frameworks",
				);
				PRODUCT_BUNDLE_IDENTIFIER = com.guoyandong.GSTDemoUITests;
				PRODUCT_NAME = "$(TARGET_NAME)";
				TARGETED_DEVICE_FAMILY = "1,2";
				TEST_TARGET_NAME = GSTDemo;
			};
			name = Release;
		};
/* End XCBuildConfiguration section */

/* Begin XCConfigurationList section */
		D7CB78A3247E921100EEFE6C /* Build configuration list for PBXProject "GSTDemo" */ = {
			isa = XCConfigurationList;
			buildConfigurations = (
				D7CB78D5247E921600EEFE6C /* Debug */,
				D7CB78D6247E921600EEFE6C /* Release */,
			);
			defaultConfigurationIsVisible = 0;
			defaultConfigurationName = Release;
		};
		D7CB78D7247E921600EEFE6C /* Build configuration list for PBXNativeTarget "GSTDemo" */ = {
			isa = XCConfigurationList;
			buildConfigurations = (
				D7CB78D8247E921600EEFE6C /* Debug */,
				D7CB78D9247E921600EEFE6C /* Release */,
			);
			defaultConfigurationIsVisible = 0;
			defaultConfigurationName = Release;
		};
		D7CB78DA247E921600EEFE6C /* Build configuration list for PBXNativeTarget "GSTDemoTests" */ = {
			isa = XCConfigurationList;
			buildConfigurations = (
				D7CB78DB247E921600EEFE6C /* Debug */,
				D7CB78DC247E921600EEFE6C /* Release */,
			);
			defaultConfigurationIsVisible = 0;
			defaultConfigurationName = Release;
		};
		D7CB78DD247E921600EEFE6C /* Build configuration list for PBXNativeTarget "GSTDemoUITests" */ = {
			isa = XCConfigurationList;
			buildConfigurations = (
				D7CB78DE247E921600EEFE6C /* Debug */,
				D7CB78DF247E921600EEFE6C /* Release */,
			);
			defaultConfigurationIsVisible = 0;
			defaultConfigurationName = Release;
		};
/* End XCConfigurationList section */
	};
	rootObject = D7CB78A0247E921100EEFE6C /* Project object */;
}
